
Microsoft Visual Studio Solution File, Format Version 12.00
# Visual Studio Version 17
VisualStudioVersion = 17.14.36025.13 d17.14
MinimumVisualStudioVersion = 10.0.40219.1
Project("{FAE04EC0-301F-11D3-BF4B-00C04F79EFBC}") = "series analyzer", "series analyzer.csproj", "{D1FA8EC3-67C1-4D08-8DFD-40B217BDE97B}"
EndProject
Global
	GlobalSection(SolutionConfigurationPlatforms) = preSolution
		Debug|Any CPU = Debug|Any CPU
		Release|Any CPU = Release|Any CPU
	EndGlobalSection
	GlobalSection(ProjectConfigurationPlatforms) = postSolution
		{D1FA8EC3-67C1-4D08-8DFD-40B217BDE97B}.Debug|Any CPU.ActiveCfg = Debug|Any CPU
		{D1FA8EC3-67C1-4D08-8DFD-40B217BDE97B}.Debug|Any CPU.Build.0 = Debug|Any CPU
		{D1FA8EC3-67C1-4D08-8DFD-40B217BDE97B}.Release|Any CPU.ActiveCfg = Release|Any CPU
		{D1FA8EC3-67C1-4D08-8DFD-40B217BDE97B}.Release|Any CPU.Build.0 = Release|Any CPU
	EndGlobalSection
	GlobalSection(SolutionProperties) = preSolution
		HideSolutionNode = FALSE
	EndGlobalSection
	GlobalSection(ExtensibilityGlobals) = postSolution
		SolutionGuid = {5E67AB54-C9F1-4B62-8753-FC57F32753E4}
	EndGlobalSection
EndGlobal
